
Microsoft Visual Studio Solution File, Format Version 12.00
# Visual Studio 2012
Project("{FAE04EC0-301F-11D3-BF4B-00C04F79EFBC}") = "DKCircleButton", "CircleButton\DKCircleButton.csproj", "{0BD4A8D0-172B-4489-A34C-38C40705018A}"
EndProject
Project("{FAE04EC0-301F-11D3-BF4B-00C04F79EFBC}") = "Sample", "Sample\Sample.csproj", "{F59CA2BF-6471-4DEB-8447-3ED1A8481E79}"
EndProject
Global
	GlobalSection(SolutionConfigurationPlatforms) = preSolution
		Debug|Any CPU = Debug|Any CPU
		Release|Any CPU = Release|Any CPU
		Debug|iPhoneSimulator = Debug|iPhoneSimulator
		Release|iPhoneSimulator = Release|iPhoneSimulator
		Debug|iPhone = Debug|iPhone
		Release|iPhone = Release|iPhone
		Ad-Hoc|iPhone = Ad-Hoc|iPhone
		AppStore|iPhone = AppStore|iPhone
	EndGlobalSection
	GlobalSection(ProjectConfigurationPlatforms) = postSolution
		{0BD4A8D0-172B-4489-A34C-38C40705018A}.Ad-Hoc|iPhone.ActiveCfg = Debug|Any CPU
		{0BD4A8D0-172B-4489-A34C-38C40705018A}.Ad-Hoc|iPhone.Build.0 = Debug|Any CPU
		{0BD4A8D0-172B-4489-A34C-38C40705018A}.AppStore|iPhone.ActiveCfg = Debug|Any CPU
		{0BD4A8D0-172B-4489-A34C-38C40705018A}.AppStore|iPhone.Build.0 = Debug|Any CPU
		{0BD4A8D0-172B-4489-A34C-38C40705018A}.Debug|Any CPU.ActiveCfg = Debug|Any CPU
		{0BD4A8D0-172B-4489-A34C-38C40705018A}.Debug|Any CPU.Build.0 = Debug|Any CPU
		{0BD4A8D0-172B-4489-A34C-38C40705018A}.Debug|iPhone.ActiveCfg = Debug|Any CPU
		{0BD4A8D0-172B-4489-A34C-38C40705018A}.Debug|iPhone.Build.0 = Debug|Any CPU
		{0BD4A8D0-172B-4489-A34C-38C40705018A}.Debug|iPhoneSimulator.ActiveCfg = Debug|Any CPU
		{0BD4A8D0-172B-4489-A34C-38C40705018A}.Debug|iPhoneSimulator.Build.0 = Debug|Any CPU
		{0BD4A8D0-172B-4489-A34C-38C40705018A}.Release|Any CPU.ActiveCfg = Release|Any CPU
		{0BD4A8D0-172B-4489-A34C-38C40705018A}.Release|Any CPU.Build.0 = Release|Any CPU
		{0BD4A8D0-172B-4489-A34C-38C40705018A}.Release|iPhone.ActiveCfg = Release|Any CPU
		{0BD4A8D0-172B-4489-A34C-38C40705018A}.Release|iPhone.Build.0 = Release|Any CPU
		{0BD4A8D0-172B-4489-A34C-38C40705018A}.Release|iPhoneSimulator.ActiveCfg = Release|Any CPU
		{0BD4A8D0-172B-4489-A34C-38C40705018A}.Release|iPhoneSimulator.Build.0 = Release|Any CPU
		{F59CA2BF-6471-4DEB-8447-3ED1A8481E79}.Ad-Hoc|iPhone.ActiveCfg = Ad-Hoc|iPhone
		{F59CA2BF-6471-4DEB-8447-3ED1A8481E79}.Ad-Hoc|iPhone.Build.0 = Ad-Hoc|iPhone
		{F59CA2BF-6471-4DEB-8447-3ED1A8481E79}.AppStore|iPhone.ActiveCfg = AppStore|iPhone
		{F59CA2BF-6471-4DEB-8447-3ED1A8481E79}.AppStore|iPhone.Build.0 = AppStore|iPhone
		{F59CA2BF-6471-4DEB-8447-3ED1A8481E79}.Debug|Any CPU.ActiveCfg = Debug|iPhoneSimulator
		{F59CA2BF-6471-4DEB-8447-3ED1A8481E79}.Debug|Any CPU.Build.0 = Debug|iPhoneSimulator
		{F59CA2BF-6471-4DEB-8447-3ED1A8481E79}.Debug|iPhone.ActiveCfg = Debug|iPhone
		{F59CA2BF-6471-4DEB-8447-3ED1A8481E79}.Debug|iPhone.Build.0 = Debug|iPhone
		{F59CA2BF-6471-4DEB-8447-3ED1A8481E79}.Debug|iPhoneSimulator.ActiveCfg = Debug|iPhoneSimulator
		{F59CA2BF-6471-4DEB-8447-3ED1A8481E79}.Debug|iPhoneSimulator.Build.0 = Debug|iPhoneSimulator
		{F59CA2BF-6471-4DEB-8447-3ED1A8481E79}.Release|Any CPU.ActiveCfg = Release|iPhoneSimulator
		{F59CA2BF-6471-4DEB-8447-3ED1A8481E79}.Release|Any CPU.Build.0 = Release|iPhoneSimulator
		{F59CA2BF-6471-4DEB-8447-3ED1A8481E79}.Release|iPhone.ActiveCfg = Release|iPhone
		{F59CA2BF-6471-4DEB-8447-3ED1A8481E79}.Release|iPhone.Build.0 = Release|iPhone
		{F59CA2BF-6471-4DEB-8447-3ED1A8481E79}.Release|iPhoneSimulator.ActiveCfg = Release|iPhoneSimulator
		{F59CA2BF-6471-4DEB-8447-3ED1A8481E79}.Release|iPhoneSimulator.Build.0 = Release|iPhoneSimulator
	EndGlobalSection
	GlobalSection(MonoDevelopProperties) = preSolution
		StartupItem = Sample\Sample.csproj
	EndGlobalSection
EndGlobal
